
Microsoft Visual Studio Solution File, Format Version 12.00
# Visual Studio Version 17
VisualStudioVersion = 17.2.32630.192
MinimumVisualStudioVersion = 10.0.40219.1
Project("{888888A0-9F3D-457C-B088-3A5042F75D52}") = "mysite", "mysite.pyproj", "{A270D78C-56A9-4101-8461-EDB31622561C}"
EndProject
Project("{54A90642-561A-4BB1-A94E-469ADEE60C69}") = "polls", "angular\polls\polls.esproj", "{294FE02D-A055-4481-8701-B33E54F202BA}"
EndProject
Global
	GlobalSection(SolutionConfigurationPlatforms) = preSolution
		Debug|Any CPU = Debug|Any CPU
		Release|Any CPU = Release|Any CPU
	EndGlobalSection
	GlobalSection(ProjectConfigurationPlatforms) = postSolution
		{A270D78C-56A9-4101-8461-EDB31622561C}.Debug|Any CPU.ActiveCfg = Debug|Any CPU
		{A270D78C-56A9-4101-8461-EDB31622561C}.Debug|Any CPU.Build.0 = Debug|Any CPU
		{A270D78C-56A9-4101-8461-EDB31622561C}.Release|Any CPU.ActiveCfg = Release|Any CPU
		{A270D78C-56A9-4101-8461-EDB31622561C}.Release|Any CPU.Build.0 = Release|Any CPU
		{294FE02D-A055-4481-8701-B33E54F202BA}.Debug|Any CPU.ActiveCfg = Debug|Any CPU
		{294FE02D-A055-4481-8701-B33E54F202BA}.Debug|Any CPU.Build.0 = Debug|Any CPU
		{294FE02D-A055-4481-8701-B33E54F202BA}.Debug|Any CPU.Deploy.0 = Debug|Any CPU
		{294FE02D-A055-4481-8701-B33E54F202BA}.Release|Any CPU.ActiveCfg = Release|Any CPU
		{294FE02D-A055-4481-8701-B33E54F202BA}.Release|Any CPU.Build.0 = Release|Any CPU
		{294FE02D-A055-4481-8701-B33E54F202BA}.Release|Any CPU.Deploy.0 = Release|Any CPU
	EndGlobalSection
	GlobalSection(SolutionProperties) = preSolution
		HideSolutionNode = FALSE
	EndGlobalSection
	GlobalSection(ExtensibilityGlobals) = postSolution
		SolutionGuid = {56591AA3-7BD2-4548-A7F6-BD5C6124FF41}
	EndGlobalSection
EndGlobal
